<?xml version="1.0" encoding="utf-8"?>
<Project ToolsVersion="4.0" xmlns="http://schemas.microsoft.com/developer/msbuild/2003">
  <ItemGroup>
    <Filter Include="Source Files">
      <UniqueIdentifier>{4FC737F1-C7A5-4376-A066-2A32D752A2FF}</UniqueIdentifier>
      <Extensions>cpp;cxx;c;def</Extensions>
    </Filter>
    <Filter Include="Header Files">
      <UniqueIdentifier>{93995380-89BD-4b04-88EB-625FBE52EBFB}</UniqueIdentifier>
      <Extensions>h</Extensions>
    </Filter>
    <Filter Include="Form Files">
      <UniqueIdentifier>{99349809-55BA-4b9d-BF79-8FDBB0286EB3}</UniqueIdentifier>
      <Extensions>ui</Extensions>
    </Filter>
    <Filter Include="Resource Files">
      <UniqueIdentifier>{D9D6E242-F8AF-46E4-B9FD-80ECBC20BA3E}</UniqueIdentifier>
      <Extensions>qrc;*</Extensions>
      <ParseFiles>false</ParseFiles>
    </Filter>
    <Filter Include="Generated Files">
      <UniqueIdentifier>{71ED8ED8-ACB9-4CE9-BBE1-E00B30144E11}</UniqueIdentifier>
      <Extensions>moc;h;cpp</Extensions>
      <SourceControlFiles>False</SourceControlFiles>
    </Filter>
    <Filter Include="Generated Files\Debug">
      <UniqueIdentifier>{8c9cc4cc-71dc-4ff2-a367-9d3d3d93d753}</UniqueIdentifier>
      <Extensions>cpp;moc</Extensions>
      <SourceControlFiles>False</SourceControlFiles>
    </Filter>
    <Filter Include="Generated Files\Release">
      <UniqueIdentifier>{ff81ff81-9677-4fe9-a955-2ddc0b698e03}</UniqueIdentifier>
      <Extensions>cpp;moc</Extensions>
      <SourceControlFiles>False</SourceControlFiles>
    </Filter>
  </ItemGroup>
  <ItemGroup>
    <ClCompile Include="main.cpp">
      <Filter>Source Files</Filter>
    </ClCompile>
    <ClCompile Include="GeneratedFiles\qrc_vitalsoneproj.cpp">
      <Filter>Generated Files</Filter>
    </ClCompile>
    <ClCompile Include="GeneratedFiles\Debug\moc_mainwindow.cpp">
      <Filter>Generated Files\Debug</Filter>
    </ClCompile>
    <ClCompile Include="GeneratedFiles\Release\moc_mainwindow.cpp">
      <Filter>Generated Files\Release</Filter>
    </ClCompile>
    <ClCompile Include="GeneratedFiles\Debug\moc_qcustomplot.cpp">
      <Filter>Generated Files\Debug</Filter>
    </ClCompile>
    <ClCompile Include="GeneratedFiles\Release\moc_qcustomplot.cpp">
      <Filter>Generated Files\Release</Filter>
    </ClCompile>
    <ClCompile Include="Forest\FeatureProjector.cpp">
      <Filter>Source Files</Filter>
    </ClCompile>
    <ClCompile Include="Forest\Forest.cpp">
      <Filter>Source Files</Filter>
    </ClCompile>
    <ClCompile Include="Gimbal\GimbalHelper.cpp">
      <Filter>Source Files</Filter>
    </ClCompile>
    <ClCompile Include="Forest\HistogramHelper.cpp">
      <Filter>Source Files</Filter>
    </ClCompile>
    <ClCompile Include="Forest\HistogramMatrix.cpp">
      <Filter>Source Files</Filter>
    </ClCompile>
    <ClCompile Include="ImageAcquisition\ImageBundle.cpp">
      <Filter>Source Files</Filter>
    </ClCompile>
    <ClCompile Include="ImageAcquisition\ImageGrabber.cpp">
      <Filter>Source Files</Filter>
    </ClCompile>
    <ClCompile Include="Forest\ImageReader.cpp">
      <Filter>Source Files</Filter>
    </ClCompile>
    <ClCompile Include="GUI\mainwindow.cpp">
      <Filter>Source Files</Filter>
    </ClCompile>
    <ClCompile Include="Forest\NodeFactory.cpp">
      <Filter>Source Files</Filter>
    </ClCompile>
    <ClCompile Include="GUI\qcustomplot.cpp">
      <Filter>Source Files</Filter>
    </ClCompile>
    <ClCompile Include="Forest\SegmentationHelper.cpp">
      <Filter>Source Files</Filter>
    </ClCompile>
    <ClCompile Include="Forest\SerializeHelper.cpp">
      <Filter>Source Files</Filter>
    </ClCompile>
    <ClCompile Include="PatchTracking\TemplateTracker.cpp">
      <Filter>Source Files</Filter>
    </ClCompile>
    <ClCompile Include="ExternalSensors\SensorHelper.cpp">
      <Filter>Source Files</Filter>
    </ClCompile>
    <ClCompile Include="ExternalSensors\TemperatureHelper.cpp">
      <Filter>Source Files</Filter>
    </ClCompile>
    <ClCompile Include="Forest\TerminalNode.cpp">
      <Filter>Source Files</Filter>
    </ClCompile>
    <ClCompile Include="Forest\TreeNode.cpp">
      <Filter>Source Files</Filter>
    </ClCompile>
    <ClCompile Include="Forest\TripletWrapper.cpp">
      <Filter>Source Files</Filter>
    </ClCompile>
    <ClCompile Include="Model\ViewAdapter.cpp">
      <Filter>Source Files</Filter>
    </ClCompile>
    <ClCompile Include="Model\VitalsModel.cpp">
      <Filter>Source Files</Filter>
    </ClCompile>
    <ClCompile Include="Gimbal\CameraParameters.cpp">
      <Filter>Source Files</Filter>
    </ClCompile>
    <ClCompile Include="ExternalSensors\TempDistWrapper.cpp">
      <Filter>Source Files</Filter>
    </ClCompile>
    <ClCompile Include="ExternalSensors\TempHumidityWrapper.cpp">
      <Filter>Source Files</Filter>
    </ClCompile>
    <ClCompile Include="ExternalSensors\Serial.cpp">
      <Filter>Source Files</Filter>
    </ClCompile>
    <ClCompile Include="ImageAcquisition\PGRCamera.cpp">
      <Filter>Source Files</Filter>
    </ClCompile>
    <ClCompile Include="DataProcessing\FixedVector.cpp">
      <Filter>Source Files</Filter>
    </ClCompile>
  </ItemGroup>
  <ItemGroup>
    <CustomBuild Include="vitalsoneproj.ui">
      <Filter>Form Files</Filter>
    </CustomBuild>
    <CustomBuild Include="vitalsoneproj.qrc">
      <Filter>Resource Files</Filter>
    </CustomBuild>
    <CustomBuild Include="GUI\mainwindow.h">
      <Filter>Header Files</Filter>
    </CustomBuild>
    <CustomBuild Include="GUI\mainwindow.ui">
      <Filter>Form Files</Filter>
    </CustomBuild>
    <CustomBuild Include="GUI\qcustomplot.h">
      <Filter>Header Files</Filter>
    </CustomBuild>
  </ItemGroup>
  <ItemGroup>
    <ClInclude Include="GeneratedFiles\ui_vitalsoneproj.h">
      <Filter>Generated Files</Filter>
    </ClInclude>
    <ClInclude Include="GeneratedFiles\ui_mainwindow.h">
      <Filter>Generated Files</Filter>
    </ClInclude>
    <ClInclude Include="Forest\FeatureProjector.h">
      <Filter>Header Files</Filter>
    </ClInclude>
    <ClInclude Include="Forest\Forest.h">
      <Filter>Header Files</Filter>
    </ClInclude>
    <ClInclude Include="Gimbal\GimbalHelper.h">
      <Filter>Header Files</Filter>
    </ClInclude>
    <ClInclude Include="Forest\HistogramHelper.h">
      <Filter>Header Files</Filter>
    </ClInclude>
    <ClInclude Include="Forest\HistogramMatrix.h">
      <Filter>Header Files</Filter>
    </ClInclude>
    <ClInclude Include="ImageAcquisition\ImageBundle.h">
      <Filter>Header Files</Filter>
    </ClInclude>
    <ClInclude Include="ImageAcquisition\ImageGrabber.h">
      <Filter>Header Files</Filter>
    </ClInclude>
    <ClInclude Include="Forest\ImageReader.h">
      <Filter>Header Files</Filter>
    </ClInclude>
    <ClInclude Include="PatchTracking\IPatchTracker.h">
      <Filter>Header Files</Filter>
    </ClInclude>
    <ClInclude Include="Forest\ITreeNode.h">
      <Filter>Header Files</Filter>
    </ClInclude>
    <ClInclude Include="Forest\NodeFactory.h">
      <Filter>Header Files</Filter>
    </ClInclude>
    <ClInclude Include="Forest\SegmentationHelper.h">
      <Filter>Header Files</Filter>
    </ClInclude>
    <ClInclude Include="Forest\SerializeHelper.h">
      <Filter>Header Files</Filter>
    </ClInclude>
    <ClInclude Include="PatchTracking\TemplateTracker.h">
      <Filter>Header Files</Filter>
    </ClInclude>
    <ClInclude Include="ExternalSensors\SensorHelper.h">
      <Filter>Header Files</Filter>
    </ClInclude>
    <ClInclude Include="ExternalSensors\TemperatureHelper.h">
      <Filter>Header Files</Filter>
    </ClInclude>
    <ClInclude Include="Forest\TerminalNode.h">
      <Filter>Header Files</Filter>
    </ClInclude>
    <ClInclude Include="Forest\TreeNode.h">
      <Filter>Header Files</Filter>
    </ClInclude>
    <ClInclude Include="Forest\TripletWrapper.h">
      <Filter>Header Files</Filter>
    </ClInclude>
    <ClInclude Include="GUI\ui_mainwindow.h">
      <Filter>Header Files</Filter>
    </ClInclude>
    <ClInclude Include="Model\ViewAdapter.h">
      <Filter>Header Files</Filter>
    </ClInclude>
    <ClInclude Include="Model\VitalsModel.h">
      <Filter>Header Files</Filter>
    </ClInclude>
    <ClInclude Include="Gimbal\CameraParameters.h">
      <Filter>Header Files</Filter>
    </ClInclude>
    <ClInclude Include="ExternalSensors\TempDistWrapper.h">
      <Filter>Header Files</Filter>
    </ClInclude>
    <ClInclude Include="ExternalSensors\TempHumidityWrapper.h">
      <Filter>Header Files</Filter>
    </ClInclude>
    <ClInclude Include="ExternalSensors\Serial.h">
      <Filter>Header Files</Filter>
    </ClInclude>
    <ClInclude Include="DataProcessing\FixedVector.h">
      <Filter>Header Files</Filter>
    </ClInclude>
    <ClInclude Include="ImageAcquisition\PGRCamera.h">
      <Filter>Header Files</Filter>
    </ClInclude>
  </ItemGroup>
  <ItemGroup>
    <Text Include="adult.txt" />
  </ItemGroup>
</Project>